// !$*UTF8*$!
{
	archiveVersion = 1;
	classes = {
	};
	objectVersion = 46;
	objects = {

/* Begin PBXBuildFile section */
		770607D81A8FFF540027FF5D /* CalculatorBrain.swift in Sources */ = {isa = PBXBuildFile; fileRef = 770607D71A8FFF540027FF5D /* CalculatorBrain.swift */; };
		771652251A7C46BE000A0D0A /* AppDelegate.swift in Sources */ = {isa = PBXBuildFile; fileRef = 771652241A7C46BE000A0D0A /* AppDelegate.swift */; };
		771652271A7C46BE000A0D0A /* ViewController.swift in Sources */ = {isa = PBXBuildFile; fileRef = 771652261A7C46BE000A0D0A /* ViewController.swift */; };
		7716522A1A7C46BE000A0D0A /* Main.storyboard in Resources */ = {isa = PBXBuildFile; fileRef = 771652281A7C46BE000A0D0A /* Main.storyboard */; };
		7716522C1A7C46BE000A0D0A /* Images.xcassets in Resources */ = {isa = PBXBuildFile; fileRef = 7716522B1A7C46BE000A0D0A /* Images.xcassets */; };
		7716522F1A7C46BE000A0D0A /* LaunchScreen.xib in Resources */ = {isa = PBXBuildFile; fileRef = 7716522D1A7C46BE000A0D0A /* LaunchScreen.xib */; };
		7716523B1A7C46BF000A0D0A /* CalculatorTests.swift in Sources */ = {isa = PBXBuildFile; fileRef = 7716523A1A7C46BF000A0D0A /* CalculatorTests.swift */; };
/* End PBXBuildFile section */

/* Begin PBXContainerItemProxy section */
		771652351A7C46BF000A0D0A /* PBXContainerItemProxy */ = {
			isa = PBXContainerItemProxy;
			containerPortal = 771652171A7C46BE000A0D0A /* Project object */;
			proxyType = 1;
			remoteGlobalIDString = 7716521E1A7C46BE000A0D0A;
			remoteInfo = Calculator;
		};
/* End PBXContainerItemProxy section */

/* Begin PBXFileReference section */
		770607D71A8FFF540027FF5D /* CalculatorBrain.swift */ = {isa = PBXFileReference; fileEncoding = 4; lastKnownFileType = sourcecode.swift; path = CalculatorBrain.swift; sourceTree = "<group>"; };
		7716521F1A7C46BE000A0D0A /* Calculator.app */ = {isa = PBXFileReference; explicitFileType = wrapper.application; includeInIndex = 0; path = Calculator.app; sourceTree = BUILT_PRODUCTS_DIR; };
		771652231A7C46BE000A0D0A /* Info.plist */ = {isa = PBXFileReference; lastKnownFileType = text.plist.xml; path = Info.plist; sourceTree = "<group>"; };
		771652241A7C46BE000A0D0A /* AppDelegate.swift */ = {isa = PBXFileReference; lastKnownFileType = sourcecode.swift; path = AppDelegate.swift; sourceTree = "<group>"; };
		771652261A7C46BE000A0D0A /* ViewController.swift */ = {isa = PBXFileReference; lastKnownFileType = sourcecode.swift; path = ViewController.swift; sourceTree = "<group>"; };
		771652291A7C46BE000A0D0A /* Base */ = {isa = PBXFileReference; lastKnownFileType = file.storyboard; name = Base; path = Base.lproj/Main.storyboard; sourceTree = "<group>"; };
		7716522B1A7C46BE000A0D0A /* Images.xcassets */ = {isa = PBXFileReference; lastKnownFileType = folder.assetcatalog; path = Images.xcassets; sourceTree = "<group>"; };
		7716522E1A7C46BE000A0D0A /* Base */ = {isa = PBXFileReference; lastKnownFileType = file.xib; name = Base; path = Base.lproj/LaunchScreen.xib; sourceTree = "<group>"; };
		771652341A7C46BF000A0D0A /* CalculatorTests.xctest */ = {isa = PBXFileReference; explicitFileType = wrapper.cfbundle; includeInIndex = 0; path = CalculatorTests.xctest; sourceTree = BUILT_PRODUCTS_DIR; };
		771652391A7C46BF000A0D0A /* Info.plist */ = {isa = PBXFileReference; lastKnownFileType = text.plist.xml; path = Info.plist; sourceTree = "<group>"; };
		7716523A1A7C46BF000A0D0A /* CalculatorTests.swift */ = {isa = PBXFileReference; lastKnownFileType = sourcecode.swift; path = CalculatorTests.swift; sourceTree = "<group>"; };
/* End PBXFileReference section */

/* Begin PBXFrameworksBuildPhase section */
		7716521C1A7C46BE000A0D0A /* Frameworks */ = {
			isa = PBXFrameworksBuildPhase;
			buildActionMask = 2147483647;
			files = (
			);
			runOnlyForDeploymentPostprocessing = 0;
		};
		771652311A7C46BF000A0D0A /* Frameworks */ = {
			isa = PBXFrameworksBuildPhase;
			buildActionMask = 2147483647;
			files = (
			);
			runOnlyForDeploymentPostprocessing = 0;
		};
/* End PBXFrameworksBuildPhase section */

/* Begin PBXGroup section */
		771652161A7C46BE000A0D0A = {
			isa = PBXGroup;
			children = (
				771652211A7C46BE000A0D0A /* Calculator */,
				771652371A7C46BF000A0D0A /* CalculatorTests */,
				771652201A7C46BE000A0D0A /* Products */,
			);
			sourceTree = "<group>";
		};
		771652201A7C46BE000A0D0A /* Products */ = {
			isa = PBXGroup;
			children = (
				7716521F1A7C46BE000A0D0A /* Calculator.app */,
				771652341A7C46BF000A0D0A /* CalculatorTests.xctest */,
			);
			name = Products;
			sourceTree = "<group>";
		};
		771652211A7C46BE000A0D0A /* Calculator */ = {
			isa = PBXGroup;
			children = (
				771652261A7C46BE000A0D0A /* ViewController.swift */,
				771652281A7C46BE000A0D0A /* Main.storyboard */,
				771652221A7C46BE000A0D0A /* Supporting Files */,
				770607D71A8FFF540027FF5D /* CalculatorBrain.swift */,
			);
			path = Calculator;
			sourceTree = "<group>";
		};
		771652221A7C46BE000A0D0A /* Supporting Files */ = {
			isa = PBXGroup;
			children = (
				7716522D1A7C46BE000A0D0A /* LaunchScreen.xib */,
				7716522B1A7C46BE000A0D0A /* Images.xcassets */,
				771652241A7C46BE000A0D0A /* AppDelegate.swift */,
				771652231A7C46BE000A0D0A /* Info.plist */,
			);
			name = "Supporting Files";
			sourceTree = "<group>";
		};
		771652371A7C46BF000A0D0A /* CalculatorTests */ = {
			isa = PBXGroup;
			children = (
				7716523A1A7C46BF000A0D0A /* CalculatorTests.swift */,
				771652381A7C46BF000A0D0A /* Supporting Files */,
			);
			path = CalculatorTests;
			sourceTree = "<group>";
		};
		771652381A7C46BF000A0D0A /* Supporting Files */ = {
			isa = PBXGroup;
			children = (
				771652391A7C46BF000A0D0A /* Info.plist */,
			);
			name = "Supporting Files";
			sourceTree = "<group>";
		};
/* End PBXGroup section */

/* Begin PBXNativeTarget section */
		7716521E1A7C46BE000A0D0A /* Calculator */ = {
			isa = PBXNativeTarget;
			buildConfigurationList = 7716523E1A7C46BF000A0D0A /* Build configuration list for PBXNativeTarget "Calculator" */;
			buildPhases = (
				7716521B1A7C46BE000A0D0A /* Sources */,
				7716521C1A7C46BE000A0D0A /* Frameworks */,
				7716521D1A7C46BE000A0D0A /* Resources */,
			);
			buildRules = (
			);
			dependencies = (
			);
			name = Calculator;
			productName = Calculator;
			productReference = 7716521F1A7C46BE000A0D0A /* Calculator.app */;
			productType = "com.apple.product-type.application";
		};
		771652331A7C46BF000A0D0A /* CalculatorTests */ = {
			isa = PBXNativeTarget;
			buildConfigurationList = 771652411A7C46BF000A0D0A /* Build configuration list for PBXNativeTarget "CalculatorTests" */;
			buildPhases = (
				771652301A7C46BF000A0D0A /* Sources */,
				771652311A7C46BF000A0D0A /* Frameworks */,
				771652321A7C46BF000A0D0A /* Resources */,
			);
			buildRules = (
			);
			dependencies = (
				771652361A7C46BF000A0D0A /* PBXTargetDependency */,
			);
			name = CalculatorTests;
			productName = CalculatorTests;
			productReference = 771652341A7C46BF000A0D0A /* CalculatorTests.xctest */;
			productType = "com.apple.product-type.bundle.unit-test";
		};
/* End PBXNativeTarget section */

/* Begin PBXProject section */
		771652171A7C46BE000A0D0A /* Project object */ = {
			isa = PBXProject;
			attributes = {
				LastUpgradeCheck = 0610;
				ORGANIZATIONNAME = drxcheng;
				TargetAttributes = {
					7716521E1A7C46BE000A0D0A = {
						CreatedOnToolsVersion = 6.1.1;
					};
					771652331A7C46BF000A0D0A = {
						CreatedOnToolsVersion = 6.1.1;
						TestTargetID = 7716521E1A7C46BE000A0D0A;
					};
				};
			};
			buildConfigurationList = 7716521A1A7C46BE000A0D0A /* Build configuration list for PBXProject "Calculator" */;
			compatibilityVersion = "Xcode 3.2";
			developmentRegion = English;
			hasScannedForEncodings = 0;
			knownRegions = (
				en,
				Base,
			);
			mainGroup = 771652161A7C46BE000A0D0A;
			productRefGroup = 771652201A7C46BE000A0D0A /* Products */;
			projectDirPath = "";
			projectRoot = "";
			targets = (
				7716521E1A7C46BE000A0D0A /* Calculator */,
				771652331A7C46BF000A0D0A /* CalculatorTests */,
			);
		};
/* End PBXProject section */

/* Begin PBXResourcesBuildPhase section */
		7716521D1A7C46BE000A0D0A /* Resources */ = {
			isa = PBXResourcesBuildPhase;
			buildActionMask = 2147483647;
			files = (
				7716522A1A7C46BE000A0D0A /* Main.storyboard in Resources */,
				7716522F1A7C46BE000A0D0A /* LaunchScreen.xib in Resources */,
				7716522C1A7C46BE000A0D0A /* Images.xcassets in Resources */,
			);
			runOnlyForDeploymentPostprocessing = 0;
		};
		771652321A7C46BF000A0D0A /* Resources */ = {
			isa = PBXResourcesBuildPhase;
			buildActionMask = 2147483647;
			files = (
			);
			runOnlyForDeploymentPostprocessing = 0;
		};
/* End PBXResourcesBuildPhase section */

/* Begin PBXSourcesBuildPhase section */
		7716521B1A7C46BE000A0D0A /* Sources */ = {
			isa = PBXSourcesBuildPhase;
			buildActionMask = 2147483647;
			files = (
				770607D81A8FFF540027FF5D /* CalculatorBrain.swift in Sources */,
				771652271A7C46BE000A0D0A /* ViewController.swift in Sources */,
				771652251A7C46BE000A0D0A /* AppDelegate.swift in Sources */,
			);
			runOnlyForDeploymentPostprocessing = 0;
		};
		771652301A7C46BF000A0D0A /* Sources */ = {
			isa = PBXSourcesBuildPhase;
			buildActionMask = 2147483647;
			files = (
				7716523B1A7C46BF000A0D0A /* CalculatorTests.swift in Sources */,
			);
			runOnlyForDeploymentPostprocessing = 0;
		};
/* End PBXSourcesBuildPhase section */

/* Begin PBXTargetDependency section */
		771652361A7C46BF000A0D0A /* PBXTargetDependency */ = {
			isa = PBXTargetDependency;
			target = 7716521E1A7C46BE000A0D0A /* Calculator */;
			targetProxy = 771652351A7C46BF000A0D0A /* PBXContainerItemProxy */;
		};
/* End PBXTargetDependency section */

/* Begin PBXVariantGroup section */
		771652281A7C46BE000A0D0A /* Main.storyboard */ = {
			isa = PBXVariantGroup;
			children = (
				771652291A7C46BE000A0D0A /* Base */,
			);
			name = Main.storyboard;
			sourceTree = "<group>";
		};
		7716522D1A7C46BE000A0D0A /* LaunchScreen.xib */ = {
			isa = PBXVariantGroup;
			children = (
				7716522E1A7C46BE000A0D0A /* Base */,
			);
			name = LaunchScreen.xib;
			sourceTree = "<group>";
		};
/* End PBXVariantGroup section */

/* Begin XCBuildConfiguration section */
		7716523C1A7C46BF000A0D0A /* Debug */ = {
			isa = XCBuildConfiguration;
			buildSettings = {
				ALWAYS_SEARCH_USER_PATHS = NO;
				CLANG_CXX_LANGUAGE_STANDARD = "gnu++0x";
				CLANG_CXX_LIBRARY = "libc++";
				CLANG_ENABLE_MODULES = YES;
				CLANG_ENABLE_OBJC_ARC = YES;
				CLANG_WARN_BOOL_CONVERSION = YES;
				CLANG_WARN_CONSTANT_CONVERSION = YES;
				CLANG_WARN_DIRECT_OBJC_ISA_USAGE = YES_ERROR;
				CLANG_WARN_EMPTY_BODY = YES;
				CLANG_WARN_ENUM_CONVERSION = YES;
				CLANG_WARN_INT_CONVERSION = YES;
				CLANG_WARN_OBJC_ROOT_CLASS = YES_ERROR;
				CLANG_WARN_UNREACHABLE_CODE = YES;
				CLANG_WARN__DUPLICATE_METHOD_MATCH = YES;
				"CODE_SIGN_IDENTITY[sdk=iphoneos*]" = "iPhone Developer";
				COPY_PHASE_STRIP = NO;
				ENABLE_STRICT_OBJC_MSGSEND = YES;
				GCC_C_LANGUAGE_STANDARD = gnu99;
				GCC_DYNAMIC_NO_PIC = NO;
				GCC_OPTIMIZATION_LEVEL = 0;
				GCC_PREPROCESSOR_DEFINITIONS = (
					"DEBUG=1",
					"$(inherited)",
				);
				GCC_SYMBOLS_PRIVATE_EXTERN = NO;
				GCC_WARN_64_TO_32_BIT_CONVERSION = YES;
				GCC_WARN_ABOUT_RETURN_TYPE = YES_ERROR;
				GCC_WARN_UNDECLARED_SELECTOR = YES;
				GCC_WARN_UNINITIALIZED_AUTOS = YES_AGGRESSIVE;
				GCC_WARN_UNUSED_FUNCTION = YES;
				GCC_WARN_UNUSED_VARIABLE = YES;
				IPHONEOS_DEPLOYMENT_TARGET = 8.1;
				MTL_ENABLE_DEBUG_INFO = YES;
				ONLY_ACTIVE_ARCH = YES;
				SDKROOT = iphoneos;
				SWIFT_OPTIMIZATION_LEVEL = "-Onone";
				TARGETED_DEVICE_FAMILY = "1,2";
			};
			name = Debug;
		};
		7716523D1A7C46BF000A0D0A /* Release */ = {
			isa = XCBuildConfiguration;
			buildSettings = {
				ALWAYS_SEARCH_USER_PATHS = NO;
				CLANG_CXX_LANGUAGE_STANDARD = "gnu++0x";
				CLANG_CXX_LIBRARY = "libc++";
				CLANG_ENABLE_MODULES = YES;
				CLANG_ENABLE_OBJC_ARC = YES;
				CLANG_WARN_BOOL_CONVERSION = YES;
				CLANG_WARN_CONSTANT_CONVERSION = YES;
				CLANG_WARN_DIRECT_OBJC_ISA_USAGE = YES_ERROR;
				CLANG_WARN_EMPTY_BODY = YES;
				CLANG_WARN_ENUM_CONVERSION = YES;
				CLANG_WARN_INT_CONVERSION = YES;
				CLANG_WARN_OBJC_ROOT_CLASS = YES_ERROR;
				CLANG_WARN_UNREACHABLE_CODE = YES;
				CLANG_WARN__DUPLICATE_METHOD_MATCH = YES;
				"CODE_SIGN_IDENTITY[sdk=iphoneos*]" = "iPhone Developer";
				COPY_PHASE_STRIP = YES;
				ENABLE_NS_ASSERTIONS = NO;
				ENABLE_STRICT_OBJC_MSGSEND = YES;
				GCC_C_LANGUAGE_STANDARD = gnu99;
				GCC_WARN_64_TO_32_BIT_CONVERSION = YES;
				GCC_WARN_ABOUT_RETURN_TYPE = YES_ERROR;
				GCC_WARN_UNDECLARED_SELECTOR = YES;
				GCC_WARN_UNINITIALIZED_AUTOS = YES_AGGRESSIVE;
				GCC_WARN_UNUSED_FUNCTION = YES;
				GCC_WARN_UNUSED_VARIABLE = YES;
				IPHONEOS_DEPLOYMENT_TARGET = 8.1;
				MTL_ENABLE_DEBUG_INFO = NO;
				SDKROOT = iphoneos;
				TARGETED_DEVICE_FAMILY = "1,2";
				VALIDATE_PRODUCT = YES;
			};
			name = Release;
		};
		7716523F1A7C46BF000A0D0A /* Debug */ = {
			isa = XCBuildConfiguration;
			buildSettings = {
				ASSETCATALOG_COMPILER_APPICON_NAME = AppIcon;
				INFOPLIST_FILE = Calculator/Info.plist;
				LD_RUNPATH_SEARCH_PATHS = "$(inherited) @executable_path/Frameworks";
				PRODUCT_NAME = "$(TARGET_NAME)";
			};
			name = Debug;
		};
		771652401A7C46BF000A0D0A /* Release */ = {
			isa = XCBuildConfiguration;
			buildSettings = {
				ASSETCATALOG_COMPILER_APPICON_NAME = AppIcon;
				INFOPLIST_FILE = Calculator/Info.plist;
				LD_RUNPATH_SEARCH_PATHS = "$(inherited) @executable_path/Frameworks";
				PRODUCT_NAME = "$(TARGET_NAME)";
			};
			name = Release;
		};
		771652421A7C46BF000A0D0A /* Debug */ = {
			isa = XCBuildConfiguration;
			buildSettings = {
				BUNDLE_LOADER = "$(TEST_HOST)";
				FRAMEWORK_SEARCH_PATHS = (
					"$(SDKROOT)/Developer/Library/Frameworks",
					"$(inherited)",
				);
				GCC_PREPROCESSOR_DEFINITIONS = (
					"DEBUG=1",
					"$(inherited)",
				);
				INFOPLIST_FILE = CalculatorTests/Info.plist;
				LD_RUNPATH_SEARCH_PATHS = "$(inherited) @executable_path/Frameworks @loader_path/Frameworks";
				PRODUCT_NAME = "$(TARGET_NAME)";
				TEST_HOST = "$(BUILT_PRODUCTS_DIR)/Calculator.app/Calculator";
			};
			name = Debug;
		};
		771652431A7C46BF000A0D0A /* Release */ = {
			isa = XCBuildConfiguration;
			buildSettings = {
				BUNDLE_LOADER = "$(TEST_HOST)";
				FRAMEWORK_SEARCH_PATHS = (
					"$(SDKROOT)/Developer/Library/Frameworks",
					"$(inherited)",
				);
				INFOPLIST_FILE = CalculatorTests/Info.plist;
				LD_RUNPATH_SEARCH_PATHS = "$(inherited) @executable_path/Frameworks @loader_path/Frameworks";
				PRODUCT_NAME = "$(TARGET_NAME)";
				TEST_HOST = "$(BUILT_PRODUCTS_DIR)/Calculator.app/Calculator";
			};
			name = Release;
		};
/* End XCBuildConfiguration section */

/* Begin XCConfigurationList section */
		7716521A1A7C46BE000A0D0A /* Build configuration list for PBXProject "Calculator" */ = {
			isa = XCConfigurationList;
			buildConfigurations = (
				7716523C1A7C46BF000A0D0A /* Debug */,
				7716523D1A7C46BF000A0D0A /* Release */,
			);
			defaultConfigurationIsVisible = 0;
			defaultConfigurationName = Release;
		};
		7716523E1A7C46BF000A0D0A /* Build configuration list for PBXNativeTarget "Calculator" */ = {
			isa = XCConfigurationList;
			buildConfigurations = (
				7716523F1A7C46BF000A0D0A /* Debug */,
				771652401A7C46BF000A0D0A /* Release */,
			);
			defaultConfigurationIsVisible = 0;
			defaultConfigurationName = Release;
		};
		771652411A7C46BF000A0D0A /* Build configuration list for PBXNativeTarget "CalculatorTests" */ = {
			isa = XCConfigurationList;
			buildConfigurations = (
				771652421A7C46BF000A0D0A /* Debug */,
				771652431A7C46BF000A0D0A /* Release */,
			);
			defaultConfigurationIsVisible = 0;
			defaultConfigurationName = Release;
		};
/* End XCConfigurationList section */
	};
	rootObject = 771652171A7C46BE000A0D0A /* Project object */;
}
